
Microsoft Visual Studio Solution File, Format Version 12.00
# Visual Studio 15
VisualStudioVersion = 15.0.28307.1340
MinimumVisualStudioVersion = 10.0.40219.1
Project("{FAE04EC0-301F-11D3-BF4B-00C04F79EFBC}") = "ECEClasses", "ECEClasses\ECEClasses.csproj", "{C73763E0-69B4-499F-B6A8-ECBA71E4C479}"
EndProject
Project("{FAE04EC0-301F-11D3-BF4B-00C04F79EFBC}") = "ECEBackOffice", "ECEBackOffice\ECEBackOffice.csproj", "{5876E3A7-A572-4725-ADB9-F02716ACA8BE}"
EndProject
Project("{E24C65DC-7377-472B-9ABA-BC803B73C61A}") = "ECEFrontOffice", "ECEFrontOffice\", "{B037790E-A77C-4581-8E3F-BB0B2B47469F}"
	ProjectSection(WebsiteProperties) = preProject
		TargetFrameworkMoniker = ".NETFramework,Version%3Dv4.6.1"
		Debug.AspNetCompiler.VirtualPath = "/localhost_4704"
		Debug.AspNetCompiler.PhysicalPath = "ECEFrontOffice\"
		Debug.AspNetCompiler.TargetPath = "PrecompiledWeb\localhost_4704\"
		Debug.AspNetCompiler.Updateable = "true"
		Debug.AspNetCompiler.ForceOverwrite = "true"
		Debug.AspNetCompiler.FixedNames = "false"
		Debug.AspNetCompiler.Debug = "True"
		Release.AspNetCompiler.VirtualPath = "/localhost_4704"
		Release.AspNetCompiler.PhysicalPath = "ECEFrontOffice\"
		Release.AspNetCompiler.TargetPath = "PrecompiledWeb\localhost_4704\"
		Release.AspNetCompiler.Updateable = "true"
		Release.AspNetCompiler.ForceOverwrite = "true"
		Release.AspNetCompiler.FixedNames = "false"
		Release.AspNetCompiler.Debug = "False"
		VWDPort = "4704"
		SlnRelativePath = "ECEFrontOffice\"
		DefaultWebSiteLanguage = "Visual C#"
	EndProjectSection
EndProject
Project("{FAE04EC0-301F-11D3-BF4B-00C04F79EFBC}") = "ECE Testing", "ECE Testing\ECE Testing.csproj", "{BCAAC0F1-ED8B-4EFA-AE95-29AB69AC25C7}"
EndProject
Global
	GlobalSection(SolutionConfigurationPlatforms) = preSolution
		Debug|Any CPU = Debug|Any CPU
		Release|Any CPU = Release|Any CPU
	EndGlobalSection
	GlobalSection(ProjectConfigurationPlatforms) = postSolution
		{C73763E0-69B4-499F-B6A8-ECBA71E4C479}.Debug|Any CPU.ActiveCfg = Debug|Any CPU
		{C73763E0-69B4-499F-B6A8-ECBA71E4C479}.Debug|Any CPU.Build.0 = Debug|Any CPU
		{C73763E0-69B4-499F-B6A8-ECBA71E4C479}.Release|Any CPU.ActiveCfg = Release|Any CPU
		{C73763E0-69B4-499F-B6A8-ECBA71E4C479}.Release|Any CPU.Build.0 = Release|Any CPU
		{5876E3A7-A572-4725-ADB9-F02716ACA8BE}.Debug|Any CPU.ActiveCfg = Debug|Any CPU
		{5876E3A7-A572-4725-ADB9-F02716ACA8BE}.Debug|Any CPU.Build.0 = Debug|Any CPU
		{5876E3A7-A572-4725-ADB9-F02716ACA8BE}.Release|Any CPU.ActiveCfg = Release|Any CPU
		{5876E3A7-A572-4725-ADB9-F02716ACA8BE}.Release|Any CPU.Build.0 = Release|Any CPU
		{B037790E-A77C-4581-8E3F-BB0B2B47469F}.Debug|Any CPU.ActiveCfg = Debug|Any CPU
		{B037790E-A77C-4581-8E3F-BB0B2B47469F}.Debug|Any CPU.Build.0 = Debug|Any CPU
		{B037790E-A77C-4581-8E3F-BB0B2B47469F}.Release|Any CPU.ActiveCfg = Debug|Any CPU
		{B037790E-A77C-4581-8E3F-BB0B2B47469F}.Release|Any CPU.Build.0 = Debug|Any CPU
		{BCAAC0F1-ED8B-4EFA-AE95-29AB69AC25C7}.Debug|Any CPU.ActiveCfg = Debug|Any CPU
		{BCAAC0F1-ED8B-4EFA-AE95-29AB69AC25C7}.Debug|Any CPU.Build.0 = Debug|Any CPU
		{BCAAC0F1-ED8B-4EFA-AE95-29AB69AC25C7}.Release|Any CPU.ActiveCfg = Release|Any CPU
		{BCAAC0F1-ED8B-4EFA-AE95-29AB69AC25C7}.Release|Any CPU.Build.0 = Release|Any CPU
	EndGlobalSection
	GlobalSection(SolutionProperties) = preSolution
		HideSolutionNode = FALSE
	EndGlobalSection
	GlobalSection(ExtensibilityGlobals) = postSolution
		SolutionGuid = {E0F540D8-D8A1-4B01-BB6E-2606B6FB100F}
	EndGlobalSection
EndGlobal
